
Microsoft Visual Studio Solution File, Format Version 12.00
# Visual Studio 15
VisualStudioVersion = 15.0.28307.757
MinimumVisualStudioVersion = 10.0.40219.1
Project("{9A19103F-16F7-4668-BE54-9A1E7A4F7556}") = "CustomerInquiry.Api", "CustomerInquiry\CustomerInquiry.Api.csproj", "{20572B9C-9E7B-4B9A-B455-F8F18AD9D692}"
EndProject
Project("{FAE04EC0-301F-11D3-BF4B-00C04F79EFBC}") = "CustomerInquiry.Dal", "CustomerInquiry.Dal\CustomerInquiry.Dal.csproj", "{54AA3685-0C95-4269-8B7D-119D22573B6E}"
EndProject
Project("{FAE04EC0-301F-11D3-BF4B-00C04F79EFBC}") = "CustomerInquiry.Logic", "CustomerInquiry.Logic\CustomerInquiry.Logic.csproj", "{06EDAA5D-E9AF-444D-B130-E6CEC70F6A82}"
EndProject
Project("{FAE04EC0-301F-11D3-BF4B-00C04F79EFBC}") = "CustomerInquiry.Tests", "CustomerInquiry.Tests\CustomerInquiry.Tests.csproj", "{D26EDEAD-1EFC-45AD-ABAB-57DD5FAA4299}"
EndProject
Global
	GlobalSection(SolutionConfigurationPlatforms) = preSolution
		Debug|Any CPU = Debug|Any CPU
		Release|Any CPU = Release|Any CPU
	EndGlobalSection
	GlobalSection(ProjectConfigurationPlatforms) = postSolution
		{20572B9C-9E7B-4B9A-B455-F8F18AD9D692}.Debug|Any CPU.ActiveCfg = Debug|Any CPU
		{20572B9C-9E7B-4B9A-B455-F8F18AD9D692}.Debug|Any CPU.Build.0 = Debug|Any CPU
		{20572B9C-9E7B-4B9A-B455-F8F18AD9D692}.Release|Any CPU.ActiveCfg = Release|Any CPU
		{20572B9C-9E7B-4B9A-B455-F8F18AD9D692}.Release|Any CPU.Build.0 = Release|Any CPU
		{54AA3685-0C95-4269-8B7D-119D22573B6E}.Debug|Any CPU.ActiveCfg = Debug|Any CPU
		{54AA3685-0C95-4269-8B7D-119D22573B6E}.Debug|Any CPU.Build.0 = Debug|Any CPU
		{54AA3685-0C95-4269-8B7D-119D22573B6E}.Release|Any CPU.ActiveCfg = Release|Any CPU
		{54AA3685-0C95-4269-8B7D-119D22573B6E}.Release|Any CPU.Build.0 = Release|Any CPU
		{06EDAA5D-E9AF-444D-B130-E6CEC70F6A82}.Debug|Any CPU.ActiveCfg = Debug|Any CPU
		{06EDAA5D-E9AF-444D-B130-E6CEC70F6A82}.Debug|Any CPU.Build.0 = Debug|Any CPU
		{06EDAA5D-E9AF-444D-B130-E6CEC70F6A82}.Release|Any CPU.ActiveCfg = Release|Any CPU
		{06EDAA5D-E9AF-444D-B130-E6CEC70F6A82}.Release|Any CPU.Build.0 = Release|Any CPU
		{D26EDEAD-1EFC-45AD-ABAB-57DD5FAA4299}.Debug|Any CPU.ActiveCfg = Debug|Any CPU
		{D26EDEAD-1EFC-45AD-ABAB-57DD5FAA4299}.Debug|Any CPU.Build.0 = Debug|Any CPU
		{D26EDEAD-1EFC-45AD-ABAB-57DD5FAA4299}.Release|Any CPU.ActiveCfg = Release|Any CPU
		{D26EDEAD-1EFC-45AD-ABAB-57DD5FAA4299}.Release|Any CPU.Build.0 = Release|Any CPU
	EndGlobalSection
	GlobalSection(SolutionProperties) = preSolution
		HideSolutionNode = FALSE
	EndGlobalSection
	GlobalSection(ExtensibilityGlobals) = postSolution
		SolutionGuid = {04FF18AE-044A-4B2E-9675-BEAC710E1DBA}
	EndGlobalSection
EndGlobal
